
Microsoft Visual Studio Solution File, Format Version 12.00
# Visual Studio Version 16
VisualStudioVersion = 16.0.31321.278
MinimumVisualStudioVersion = 10.0.40219.1
Project("{FAE04EC0-301F-11D3-BF4B-00C04F79EFBC}") = "Future2", "Future2.csproj", "{349CF724-3023-4BB9-B5CE-321EFB950EBA}"
EndProject
Global
	GlobalSection(SolutionConfigurationPlatforms) = preSolution
		Debug|Any CPU = Debug|Any CPU
		Release|Any CPU = Release|Any CPU
	EndGlobalSection
	GlobalSection(ProjectConfigurationPlatforms) = postSolution
		{349CF724-3023-4BB9-B5CE-321EFB950EBA}.Debug|Any CPU.ActiveCfg = Debug|Any CPU
		{349CF724-3023-4BB9-B5CE-321EFB950EBA}.Debug|Any CPU.Build.0 = Debug|Any CPU
		{349CF724-3023-4BB9-B5CE-321EFB950EBA}.Release|Any CPU.ActiveCfg = Release|Any CPU
		{349CF724-3023-4BB9-B5CE-321EFB950EBA}.Release|Any CPU.Build.0 = Release|Any CPU
	EndGlobalSection
	GlobalSection(SolutionProperties) = preSolution
		HideSolutionNode = FALSE
	EndGlobalSection
	GlobalSection(ExtensibilityGlobals) = postSolution
		SolutionGuid = {803239A3-A72B-4CC5-AE39-44D9AEE41E1B}
	EndGlobalSection
EndGlobal
